
Microsoft Visual Studio Solution File, Format Version 12.00
# Visual Studio 15
VisualStudioVersion = 15.0.27428.1
MinimumVisualStudioVersion = 10.0.40219.1
Project("{8BC9CEB8-8B4A-11D0-8D11-00A0C91BC942}") = "lab09_01", "lab09_01\lab09_01.vcxproj", "{7B8FCC6C-A4F4-42A2-BB5F-E81FECB6BDA2}"
EndProject
Global
	GlobalSection(SolutionConfigurationPlatforms) = preSolution
		Debug|x64 = Debug|x64
		Debug|x86 = Debug|x86
		Release|x64 = Release|x64
		Release|x86 = Release|x86
	EndGlobalSection
	GlobalSection(ProjectConfigurationPlatforms) = postSolution
		{7B8FCC6C-A4F4-42A2-BB5F-E81FECB6BDA2}.Debug|x64.ActiveCfg = Debug|x64
		{7B8FCC6C-A4F4-42A2-BB5F-E81FECB6BDA2}.Debug|x64.Build.0 = Debug|x64
		{7B8FCC6C-A4F4-42A2-BB5F-E81FECB6BDA2}.Debug|x86.ActiveCfg = Debug|Win32
		{7B8FCC6C-A4F4-42A2-BB5F-E81FECB6BDA2}.Debug|x86.Build.0 = Debug|Win32
		{7B8FCC6C-A4F4-42A2-BB5F-E81FECB6BDA2}.Release|x64.ActiveCfg = Release|x64
		{7B8FCC6C-A4F4-42A2-BB5F-E81FECB6BDA2}.Release|x64.Build.0 = Release|x64
		{7B8FCC6C-A4F4-42A2-BB5F-E81FECB6BDA2}.Release|x86.ActiveCfg = Release|Win32
		{7B8FCC6C-A4F4-42A2-BB5F-E81FECB6BDA2}.Release|x86.Build.0 = Release|Win32
	EndGlobalSection
	GlobalSection(SolutionProperties) = preSolution
		HideSolutionNode = FALSE
	EndGlobalSection
	GlobalSection(ExtensibilityGlobals) = postSolution
		SolutionGuid = {5B496E1D-8AC2-41C2-B185-F90DC52A54EF}
	EndGlobalSection
EndGlobal
